
Microsoft Visual Studio Solution File, Format Version 12.00
# Visual Studio Version 16
VisualStudioVersion = 16.0.29613.14
MinimumVisualStudioVersion = 10.0.40219.1
Project("{FAE04EC0-301F-11D3-BF4B-00C04F79EFBC}") = "Patronage2020", "Patronage2020\Patronage2020.csproj", "{1885E0F2-ECEC-48C6-894A-7AB7BA9D2984}"
EndProject
Global
	GlobalSection(SolutionConfigurationPlatforms) = preSolution
		Debug|Any CPU = Debug|Any CPU
		Release|Any CPU = Release|Any CPU
	EndGlobalSection
	GlobalSection(ProjectConfigurationPlatforms) = postSolution
		{1885E0F2-ECEC-48C6-894A-7AB7BA9D2984}.Debug|Any CPU.ActiveCfg = Debug|Any CPU
		{1885E0F2-ECEC-48C6-894A-7AB7BA9D2984}.Debug|Any CPU.Build.0 = Debug|Any CPU
		{1885E0F2-ECEC-48C6-894A-7AB7BA9D2984}.Release|Any CPU.ActiveCfg = Release|Any CPU
		{1885E0F2-ECEC-48C6-894A-7AB7BA9D2984}.Release|Any CPU.Build.0 = Release|Any CPU
	EndGlobalSection
	GlobalSection(SolutionProperties) = preSolution
		HideSolutionNode = FALSE
	EndGlobalSection
	GlobalSection(ExtensibilityGlobals) = postSolution
		SolutionGuid = {F0660FB5-BCFA-4487-983F-A3DBE8A74979}
	EndGlobalSection
EndGlobal
